
Microsoft Visual Studio Solution File, Format Version 12.00
# Visual Studio Version 17
VisualStudioVersion = 17.14.36915.13 d17.14
MinimumVisualStudioVersion = 10.0.40219.1
Project("{FAE04EC0-301F-11D3-BF4B-00C04F79EFBC}") = "MyOAuth2API", "MyOAuth2API\MyOAuth2API.csproj", "{19E0C99B-5192-44E5-87E8-B31D8992CCF0}"
EndProject
Project("{FAE04EC0-301F-11D3-BF4B-00C04F79EFBC}") = "MyASPNETCoreAPI", "MyASPNETCoreAPI\MyASPNETCoreAPI.csproj", "{48832C62-FF14-486F-A7AD-CE482E790715}"
EndProject
Project("{FAE04EC0-301F-11D3-BF4B-00C04F79EFBC}") = "WebApi_Sample", "WebApi_Sample\WebApi_Sample.csproj", "{1C9E1665-AB97-46CB-BBCA-2E7C68857E69}"
EndProject
Global
	GlobalSection(SolutionConfigurationPlatforms) = preSolution
		Debug|Any CPU = Debug|Any CPU
		Release|Any CPU = Release|Any CPU
	EndGlobalSection
	GlobalSection(ProjectConfigurationPlatforms) = postSolution
		{19E0C99B-5192-44E5-87E8-B31D8992CCF0}.Debug|Any CPU.ActiveCfg = Debug|Any CPU
		{19E0C99B-5192-44E5-87E8-B31D8992CCF0}.Debug|Any CPU.Build.0 = Debug|Any CPU
		{19E0C99B-5192-44E5-87E8-B31D8992CCF0}.Release|Any CPU.ActiveCfg = Release|Any CPU
		{19E0C99B-5192-44E5-87E8-B31D8992CCF0}.Release|Any CPU.Build.0 = Release|Any CPU
		{48832C62-FF14-486F-A7AD-CE482E790715}.Debug|Any CPU.ActiveCfg = Debug|Any CPU
		{48832C62-FF14-486F-A7AD-CE482E790715}.Debug|Any CPU.Build.0 = Debug|Any CPU
		{48832C62-FF14-486F-A7AD-CE482E790715}.Release|Any CPU.ActiveCfg = Release|Any CPU
		{48832C62-FF14-486F-A7AD-CE482E790715}.Release|Any CPU.Build.0 = Release|Any CPU
		{1C9E1665-AB97-46CB-BBCA-2E7C68857E69}.Debug|Any CPU.ActiveCfg = Debug|Any CPU
		{1C9E1665-AB97-46CB-BBCA-2E7C68857E69}.Debug|Any CPU.Build.0 = Debug|Any CPU
		{1C9E1665-AB97-46CB-BBCA-2E7C68857E69}.Release|Any CPU.ActiveCfg = Release|Any CPU
		{1C9E1665-AB97-46CB-BBCA-2E7C68857E69}.Release|Any CPU.Build.0 = Release|Any CPU
	EndGlobalSection
	GlobalSection(SolutionProperties) = preSolution
		HideSolutionNode = FALSE
	EndGlobalSection
	GlobalSection(ExtensibilityGlobals) = postSolution
		SolutionGuid = {B82501AB-2768-4E88-A1F2-2EC5C9CF75B2}
	EndGlobalSection
EndGlobal
